{
  "name": "@ahmfrdns/frdns-tea",
  "version": "1.0.0",
  "lockfileVersion": 3,
  "requires": true,
  "packages": {
    "": {
      "name": "@ahmfrdns/frdns-tea",
      "version": "1.0.0",
      "license": "ISC",
      "dependencies": {
        "@ahmfrdns/frdns-tea": "^1.0.0",
        "frdns-tea": "^1.0.0"
      }
    },
    "node_modules/@ahmfrdns/frdns-tea": {
      "version": "1.0.0",
      "resolved": "https://registry.npmjs.org/@ahmfrdns/frdns-tea/-/frdns-tea-1.0.0.tgz",
      "integrity": "sha512-PLLSGzglag+kpif/OC4D+mM+nx/AvAwmEJaOFTRgAuADJgbD09Bflf58/b/iF6K13artjjY9hLem/rNDs3wc9A==",
      "dependencies": {
        "frdns-tea": "^1.0.0"
      }
    },
    "node_modules/frdns-tea": {
      "version": "1.0.0",
      "resolved": "https://registry.npmjs.org/frdns-tea/-/frdns-tea-1.0.0.tgz",
      "integrity": "sha512-BB0bgnVvnGjzErMhSFfs9RStvUjKW3uSF+8yfIKOH8fHubDVSNJ2v9J1tvXTWpeKRCJz2rt+h6mppl67YZ6fYw=="
    }
  }
}
